
Microsoft Visual Studio Solution File, Format Version 12.00
# Visual Studio 15
VisualStudioVersion = 15.0.28307.329
MinimumVisualStudioVersion = 10.0.40219.1
Project("{9A19103F-16F7-4668-BE54-9A1E7A4F7556}") = "Catan.API", "Catan.API\Catan.API.csproj", "{CF6E4F8A-67E4-49D2-ADD1-3CA7EC41BBAE}"
	ProjectSection(ProjectDependencies) = postProject
		{06FFEB31-2CB4-4896-B989-8E1BFAEB1E6D} = {06FFEB31-2CB4-4896-B989-8E1BFAEB1E6D}
	EndProjectSection
EndProject
Project("{9A19103F-16F7-4668-BE54-9A1E7A4F7556}") = "Catan.Test", "Catan.Test\Catan.Test.csproj", "{E40352A1-3036-4AF1-AC6B-0DB3FF2F7A57}"
EndProject
Project("{9A19103F-16F7-4668-BE54-9A1E7A4F7556}") = "Catan.CodeGenerator", "Catan.CodeGenerator\Catan.CodeGenerator.csproj", "{F292CEF0-3634-4C6E-B985-3C87B552ED08}"
EndProject
Project("{FAE04EC0-301F-11D3-BF4B-00C04F79EFBC}") = "Catan.Core", "Catan.Core\Catan.Core.csproj", "{06FFEB31-2CB4-4896-B989-8E1BFAEB1E6D}"
EndProject
Global
	GlobalSection(SolutionConfigurationPlatforms) = preSolution
		Debug|Any CPU = Debug|Any CPU
		Release|Any CPU = Release|Any CPU
	EndGlobalSection
	GlobalSection(ProjectConfigurationPlatforms) = postSolution
		{CF6E4F8A-67E4-49D2-ADD1-3CA7EC41BBAE}.Debug|Any CPU.ActiveCfg = Debug|Any CPU
		{CF6E4F8A-67E4-49D2-ADD1-3CA7EC41BBAE}.Debug|Any CPU.Build.0 = Debug|Any CPU
		{CF6E4F8A-67E4-49D2-ADD1-3CA7EC41BBAE}.Release|Any CPU.ActiveCfg = Release|Any CPU
		{CF6E4F8A-67E4-49D2-ADD1-3CA7EC41BBAE}.Release|Any CPU.Build.0 = Release|Any CPU
		{E40352A1-3036-4AF1-AC6B-0DB3FF2F7A57}.Debug|Any CPU.ActiveCfg = Debug|Any CPU
		{E40352A1-3036-4AF1-AC6B-0DB3FF2F7A57}.Debug|Any CPU.Build.0 = Debug|Any CPU
		{E40352A1-3036-4AF1-AC6B-0DB3FF2F7A57}.Release|Any CPU.ActiveCfg = Release|Any CPU
		{E40352A1-3036-4AF1-AC6B-0DB3FF2F7A57}.Release|Any CPU.Build.0 = Release|Any CPU
		{F292CEF0-3634-4C6E-B985-3C87B552ED08}.Debug|Any CPU.ActiveCfg = Debug|Any CPU
		{F292CEF0-3634-4C6E-B985-3C87B552ED08}.Debug|Any CPU.Build.0 = Debug|Any CPU
		{F292CEF0-3634-4C6E-B985-3C87B552ED08}.Release|Any CPU.ActiveCfg = Release|Any CPU
		{F292CEF0-3634-4C6E-B985-3C87B552ED08}.Release|Any CPU.Build.0 = Release|Any CPU
		{06FFEB31-2CB4-4896-B989-8E1BFAEB1E6D}.Debug|Any CPU.ActiveCfg = Debug|Any CPU
		{06FFEB31-2CB4-4896-B989-8E1BFAEB1E6D}.Debug|Any CPU.Build.0 = Debug|Any CPU
		{06FFEB31-2CB4-4896-B989-8E1BFAEB1E6D}.Release|Any CPU.ActiveCfg = Release|Any CPU
		{06FFEB31-2CB4-4896-B989-8E1BFAEB1E6D}.Release|Any CPU.Build.0 = Release|Any CPU
	EndGlobalSection
	GlobalSection(SolutionProperties) = preSolution
		HideSolutionNode = FALSE
	EndGlobalSection
	GlobalSection(ExtensibilityGlobals) = postSolution
		SolutionGuid = {DFE35E13-E86C-4AAF-B21E-E53F0602F804}
	EndGlobalSection
EndGlobal
